// !$*UTF8*$!
{
	archiveVersion = 1;
	classes = {
	};
	objectVersion = 56;
	objects = {

/* Begin PBXBuildFile section */
		384096DF2C3E24B300D371A0 /* WeatherResponseDTO.swift in Sources */ = {isa = PBXBuildFile; fileRef = 384096DE2C3E24B300D371A0 /* WeatherResponseDTO.swift */; };
		384096E12C3E263100D371A0 /* Coordinate.swift in Sources */ = {isa = PBXBuildFile; fileRef = 384096E02C3E263100D371A0 /* Coordinate.swift */; };
		384096E32C3E2EA000D371A0 /* City.swift in Sources */ = {isa = PBXBuildFile; fileRef = 384096E22C3E2EA000D371A0 /* City.swift */; };
		384096E52C3E2F4900D371A0 /* Weather.swift in Sources */ = {isa = PBXBuildFile; fileRef = 384096E42C3E2F4900D371A0 /* Weather.swift */; };
		384096EB2C3E442500D371A0 /* WeatherResponse.swift in Sources */ = {isa = PBXBuildFile; fileRef = 384096EA2C3E442500D371A0 /* WeatherResponse.swift */; };
		384F48A72C3CFADD009EE46E /* AppDelegate.swift in Sources */ = {isa = PBXBuildFile; fileRef = 384F48A62C3CFADD009EE46E /* AppDelegate.swift */; };
		384F48A92C3CFADD009EE46E /* SceneDelegate.swift in Sources */ = {isa = PBXBuildFile; fileRef = 384F48A82C3CFADD009EE46E /* SceneDelegate.swift */; };
		384F48AB2C3CFADD009EE46E /* MainViewController.swift in Sources */ = {isa = PBXBuildFile; fileRef = 384F48AA2C3CFADD009EE46E /* MainViewController.swift */; };
		384F48B02C3CFADE009EE46E /* Assets.xcassets in Resources */ = {isa = PBXBuildFile; fileRef = 384F48AF2C3CFADE009EE46E /* Assets.xcassets */; };
		384F48B32C3CFADE009EE46E /* LaunchScreen.storyboard in Resources */ = {isa = PBXBuildFile; fileRef = 384F48B12C3CFADE009EE46E /* LaunchScreen.storyboard */; };
		384F48BE2C3CFADE009EE46E /* WeatherForecastTests.swift in Sources */ = {isa = PBXBuildFile; fileRef = 384F48BD2C3CFADE009EE46E /* WeatherForecastTests.swift */; };
		384F48C82C3CFADE009EE46E /* WeatherForecastUITests.swift in Sources */ = {isa = PBXBuildFile; fileRef = 384F48C72C3CFADE009EE46E /* WeatherForecastUITests.swift */; };
		384F48CA2C3CFADE009EE46E /* WeatherForecastUITestsLaunchTests.swift in Sources */ = {isa = PBXBuildFile; fileRef = 384F48C92C3CFADE009EE46E /* WeatherForecastUITestsLaunchTests.swift */; };
		384F48D82C3CFF82009EE46E /* SnapKit in Frameworks */ = {isa = PBXBuildFile; productRef = 384F48D72C3CFF82009EE46E /* SnapKit */; };
		384F48DA2C3CFF82009EE46E /* SnapKit-Dynamic in Frameworks */ = {isa = PBXBuildFile; productRef = 384F48D92C3CFF82009EE46E /* SnapKit-Dynamic */; };
		384F48DD2C3CFFDE009EE46E /* RxCocoa in Frameworks */ = {isa = PBXBuildFile; productRef = 384F48DC2C3CFFDE009EE46E /* RxCocoa */; };
		384F48DF2C3CFFDE009EE46E /* RxRelay in Frameworks */ = {isa = PBXBuildFile; productRef = 384F48DE2C3CFFDE009EE46E /* RxRelay */; };
		384F48E12C3CFFDE009EE46E /* RxSwift in Frameworks */ = {isa = PBXBuildFile; productRef = 384F48E02C3CFFDE009EE46E /* RxSwift */; };
		384F48E42C3D0507009EE46E /* Alamofire in Frameworks */ = {isa = PBXBuildFile; productRef = 384F48E32C3D0507009EE46E /* Alamofire */; };
		384F48E72C3D0FC3009EE46E /* MainCityWeatherView.swift in Sources */ = {isa = PBXBuildFile; fileRef = 384F48E62C3D0FC3009EE46E /* MainCityWeatherView.swift */; };
		384F48E92C3D3EDF009EE46E /* WeatherByHoursView.swift in Sources */ = {isa = PBXBuildFile; fileRef = 384F48E82C3D3EDF009EE46E /* WeatherByHoursView.swift */; };
		384F48EB2C3D5079009EE46E /* WeatherByHoursItemView.swift in Sources */ = {isa = PBXBuildFile; fileRef = 384F48EA2C3D5079009EE46E /* WeatherByHoursItemView.swift */; };
		384F48F02C3D7CC6009EE46E /* OpenWeatherAPI.swift in Sources */ = {isa = PBXBuildFile; fileRef = 384F48EF2C3D7CC6009EE46E /* OpenWeatherAPI.swift */; };
/* End PBXBuildFile section */

/* Begin PBXContainerItemProxy section */
		384F48BA2C3CFADE009EE46E /* PBXContainerItemProxy */ = {
			isa = PBXContainerItemProxy;
			containerPortal = 384F489B2C3CFADD009EE46E /* Project object */;
			proxyType = 1;
			remoteGlobalIDString = 384F48A22C3CFADD009EE46E;
			remoteInfo = WeatherForecast;
		};
		384F48C42C3CFADE009EE46E /* PBXContainerItemProxy */ = {
			isa = PBXContainerItemProxy;
			containerPortal = 384F489B2C3CFADD009EE46E /* Project object */;
			proxyType = 1;
			remoteGlobalIDString = 384F48A22C3CFADD009EE46E;
			remoteInfo = WeatherForecast;
		};
/* End PBXContainerItemProxy section */

/* Begin PBXFileReference section */
		384096DE2C3E24B300D371A0 /* WeatherResponseDTO.swift */ = {isa = PBXFileReference; lastKnownFileType = sourcecode.swift; path = WeatherResponseDTO.swift; sourceTree = "<group>"; };
		384096E02C3E263100D371A0 /* Coordinate.swift */ = {isa = PBXFileReference; lastKnownFileType = sourcecode.swift; path = Coordinate.swift; sourceTree = "<group>"; };
		384096E22C3E2EA000D371A0 /* City.swift */ = {isa = PBXFileReference; lastKnownFileType = sourcecode.swift; path = City.swift; sourceTree = "<group>"; };
		384096E42C3E2F4900D371A0 /* Weather.swift */ = {isa = PBXFileReference; lastKnownFileType = sourcecode.swift; path = Weather.swift; sourceTree = "<group>"; };
		384096EA2C3E442500D371A0 /* WeatherResponse.swift */ = {isa = PBXFileReference; lastKnownFileType = sourcecode.swift; path = WeatherResponse.swift; sourceTree = "<group>"; };
		384F48A32C3CFADD009EE46E /* WeatherForecast.app */ = {isa = PBXFileReference; explicitFileType = wrapper.application; includeInIndex = 0; path = WeatherForecast.app; sourceTree = BUILT_PRODUCTS_DIR; };
		384F48A62C3CFADD009EE46E /* AppDelegate.swift */ = {isa = PBXFileReference; lastKnownFileType = sourcecode.swift; path = AppDelegate.swift; sourceTree = "<group>"; };
		384F48A82C3CFADD009EE46E /* SceneDelegate.swift */ = {isa = PBXFileReference; lastKnownFileType = sourcecode.swift; path = SceneDelegate.swift; sourceTree = "<group>"; };
		384F48AA2C3CFADD009EE46E /* MainViewController.swift */ = {isa = PBXFileReference; lastKnownFileType = sourcecode.swift; path = MainViewController.swift; sourceTree = "<group>"; };
		384F48AF2C3CFADE009EE46E /* Assets.xcassets */ = {isa = PBXFileReference; lastKnownFileType = folder.assetcatalog; path = Assets.xcassets; sourceTree = "<group>"; };
		384F48B22C3CFADE009EE46E /* Base */ = {isa = PBXFileReference; lastKnownFileType = file.storyboard; name = Base; path = Base.lproj/LaunchScreen.storyboard; sourceTree = "<group>"; };
		384F48B42C3CFADE009EE46E /* Info.plist */ = {isa = PBXFileReference; lastKnownFileType = text.plist.xml; path = Info.plist; sourceTree = "<group>"; };
		384F48B92C3CFADE009EE46E /* WeatherForecastTests.xctest */ = {isa = PBXFileReference; explicitFileType = wrapper.cfbundle; includeInIndex = 0; path = WeatherForecastTests.xctest; sourceTree = BUILT_PRODUCTS_DIR; };
		384F48BD2C3CFADE009EE46E /* WeatherForecastTests.swift */ = {isa = PBXFileReference; lastKnownFileType = sourcecode.swift; path = WeatherForecastTests.swift; sourceTree = "<group>"; };
		384F48C32C3CFADE009EE46E /* WeatherForecastUITests.xctest */ = {isa = PBXFileReference; explicitFileType = wrapper.cfbundle; includeInIndex = 0; path = WeatherForecastUITests.xctest; sourceTree = BUILT_PRODUCTS_DIR; };
		384F48C72C3CFADE009EE46E /* WeatherForecastUITests.swift */ = {isa = PBXFileReference; lastKnownFileType = sourcecode.swift; path = WeatherForecastUITests.swift; sourceTree = "<group>"; };
		384F48C92C3CFADE009EE46E /* WeatherForecastUITestsLaunchTests.swift */ = {isa = PBXFileReference; lastKnownFileType = sourcecode.swift; path = WeatherForecastUITestsLaunchTests.swift; sourceTree = "<group>"; };
		384F48E62C3D0FC3009EE46E /* MainCityWeatherView.swift */ = {isa = PBXFileReference; lastKnownFileType = sourcecode.swift; path = MainCityWeatherView.swift; sourceTree = "<group>"; };
		384F48E82C3D3EDF009EE46E /* WeatherByHoursView.swift */ = {isa = PBXFileReference; lastKnownFileType = sourcecode.swift; path = WeatherByHoursView.swift; sourceTree = "<group>"; };
		384F48EA2C3D5079009EE46E /* WeatherByHoursItemView.swift */ = {isa = PBXFileReference; lastKnownFileType = sourcecode.swift; path = WeatherByHoursItemView.swift; sourceTree = "<group>"; };
		384F48EF2C3D7CC6009EE46E /* OpenWeatherAPI.swift */ = {isa = PBXFileReference; lastKnownFileType = sourcecode.swift; path = OpenWeatherAPI.swift; sourceTree = "<group>"; };
/* End PBXFileReference section */

/* Begin PBXFrameworksBuildPhase section */
		384F48A02C3CFADD009EE46E /* Frameworks */ = {
			isa = PBXFrameworksBuildPhase;
			buildActionMask = 2147483647;
			files = (
				384F48DD2C3CFFDE009EE46E /* RxCocoa in Frameworks */,
				384F48D82C3CFF82009EE46E /* SnapKit in Frameworks */,
				384F48E12C3CFFDE009EE46E /* RxSwift in Frameworks */,
				384F48E42C3D0507009EE46E /* Alamofire in Frameworks */,
				384F48DF2C3CFFDE009EE46E /* RxRelay in Frameworks */,
				384F48DA2C3CFF82009EE46E /* SnapKit-Dynamic in Frameworks */,
			);
			runOnlyForDeploymentPostprocessing = 0;
		};
		384F48B62C3CFADE009EE46E /* Frameworks */ = {
			isa = PBXFrameworksBuildPhase;
			buildActionMask = 2147483647;
			files = (
			);
			runOnlyForDeploymentPostprocessing = 0;
		};
		384F48C02C3CFADE009EE46E /* Frameworks */ = {
			isa = PBXFrameworksBuildPhase;
			buildActionMask = 2147483647;
			files = (
			);
			runOnlyForDeploymentPostprocessing = 0;
		};
/* End PBXFrameworksBuildPhase section */

/* Begin PBXGroup section */
		384096DB2C3E231200D371A0 /* DataMapping */ = {
			isa = PBXGroup;
			children = (
				384096DE2C3E24B300D371A0 /* WeatherResponseDTO.swift */,
			);
			path = DataMapping;
			sourceTree = "<group>";
		};
		384096DC2C3E232200D371A0 /* Domain */ = {
			isa = PBXGroup;
			children = (
				384096DD2C3E234100D371A0 /* Entities */,
			);
			path = Domain;
			sourceTree = "<group>";
		};
		384096DD2C3E234100D371A0 /* Entities */ = {
			isa = PBXGroup;
			children = (
				384096E02C3E263100D371A0 /* Coordinate.swift */,
				384096E22C3E2EA000D371A0 /* City.swift */,
				384096E42C3E2F4900D371A0 /* Weather.swift */,
				384096EA2C3E442500D371A0 /* WeatherResponse.swift */,
			);
			path = Entities;
			sourceTree = "<group>";
		};
		384096EC2C3E450F00D371A0 /* Application */ = {
			isa = PBXGroup;
			children = (
				384F48A62C3CFADD009EE46E /* AppDelegate.swift */,
				384F48A82C3CFADD009EE46E /* SceneDelegate.swift */,
			);
			path = Application;
			sourceTree = "<group>";
		};
		384096ED2C3E453300D371A0 /* Presentation */ = {
			isa = PBXGroup;
			children = (
				384096EE2C3E455D00D371A0 /* Main */,
			);
			path = Presentation;
			sourceTree = "<group>";
		};
		384096EE2C3E455D00D371A0 /* Main */ = {
			isa = PBXGroup;
			children = (
				384096EF2C3E456F00D371A0 /* ViewModels */,
				384F48E52C3D085E009EE46E /* Views */,
			);
			path = Main;
			sourceTree = "<group>";
		};
		384096EF2C3E456F00D371A0 /* ViewModels */ = {
			isa = PBXGroup;
			children = (
			);
			path = ViewModels;
			sourceTree = "<group>";
		};
		384F489A2C3CFADD009EE46E = {
			isa = PBXGroup;
			children = (
				384F48A52C3CFADD009EE46E /* WeatherForecast */,
				384F48BC2C3CFADE009EE46E /* WeatherForecastTests */,
				384F48C62C3CFADE009EE46E /* WeatherForecastUITests */,
				384F48A42C3CFADD009EE46E /* Products */,
			);
			sourceTree = "<group>";
		};
		384F48A42C3CFADD009EE46E /* Products */ = {
			isa = PBXGroup;
			children = (
				384F48A32C3CFADD009EE46E /* WeatherForecast.app */,
				384F48B92C3CFADE009EE46E /* WeatherForecastTests.xctest */,
				384F48C32C3CFADE009EE46E /* WeatherForecastUITests.xctest */,
			);
			name = Products;
			sourceTree = "<group>";
		};
		384F48A52C3CFADD009EE46E /* WeatherForecast */ = {
			isa = PBXGroup;
			children = (
				384096EC2C3E450F00D371A0 /* Application */,
				384096DC2C3E232200D371A0 /* Domain */,
				384F48ED2C3D7A44009EE46E /* Data */,
				384096ED2C3E453300D371A0 /* Presentation */,
				384F48AF2C3CFADE009EE46E /* Assets.xcassets */,
				384F48B12C3CFADE009EE46E /* LaunchScreen.storyboard */,
				384F48B42C3CFADE009EE46E /* Info.plist */,
			);
			path = WeatherForecast;
			sourceTree = "<group>";
		};
		384F48BC2C3CFADE009EE46E /* WeatherForecastTests */ = {
			isa = PBXGroup;
			children = (
				384F48BD2C3CFADE009EE46E /* WeatherForecastTests.swift */,
			);
			path = WeatherForecastTests;
			sourceTree = "<group>";
		};
		384F48C62C3CFADE009EE46E /* WeatherForecastUITests */ = {
			isa = PBXGroup;
			children = (
				384F48C72C3CFADE009EE46E /* WeatherForecastUITests.swift */,
				384F48C92C3CFADE009EE46E /* WeatherForecastUITestsLaunchTests.swift */,
			);
			path = WeatherForecastUITests;
			sourceTree = "<group>";
		};
		384F48E52C3D085E009EE46E /* Views */ = {
			isa = PBXGroup;
			children = (
				384F48AA2C3CFADD009EE46E /* MainViewController.swift */,
				384F48E62C3D0FC3009EE46E /* MainCityWeatherView.swift */,
				384F48E82C3D3EDF009EE46E /* WeatherByHoursView.swift */,
				384F48EA2C3D5079009EE46E /* WeatherByHoursItemView.swift */,
			);
			path = Views;
			sourceTree = "<group>";
		};
		384F48ED2C3D7A44009EE46E /* Data */ = {
			isa = PBXGroup;
			children = (
				384F48EE2C3D7A4B009EE46E /* Network */,
			);
			path = Data;
			sourceTree = "<group>";
		};
		384F48EE2C3D7A4B009EE46E /* Network */ = {
			isa = PBXGroup;
			children = (
				384F48EF2C3D7CC6009EE46E /* OpenWeatherAPI.swift */,
				384096DB2C3E231200D371A0 /* DataMapping */,
			);
			path = Network;
			sourceTree = "<group>";
		};
/* End PBXGroup section */

/* Begin PBXNativeTarget section */
		384F48A22C3CFADD009EE46E /* WeatherForecast */ = {
			isa = PBXNativeTarget;
			buildConfigurationList = 384F48CD2C3CFADE009EE46E /* Build configuration list for PBXNativeTarget "WeatherForecast" */;
			buildPhases = (
				384F489F2C3CFADD009EE46E /* Sources */,
				384F48A02C3CFADD009EE46E /* Frameworks */,
				384F48A12C3CFADD009EE46E /* Resources */,
			);
			buildRules = (
			);
			dependencies = (
			);
			name = WeatherForecast;
			packageProductDependencies = (
				384F48D72C3CFF82009EE46E /* SnapKit */,
				384F48D92C3CFF82009EE46E /* SnapKit-Dynamic */,
				384F48DC2C3CFFDE009EE46E /* RxCocoa */,
				384F48DE2C3CFFDE009EE46E /* RxRelay */,
				384F48E02C3CFFDE009EE46E /* RxSwift */,
				384F48E32C3D0507009EE46E /* Alamofire */,
			);
			productName = WeatherForecast;
			productReference = 384F48A32C3CFADD009EE46E /* WeatherForecast.app */;
			productType = "com.apple.product-type.application";
		};
		384F48B82C3CFADE009EE46E /* WeatherForecastTests */ = {
			isa = PBXNativeTarget;
			buildConfigurationList = 384F48D02C3CFADE009EE46E /* Build configuration list for PBXNativeTarget "WeatherForecastTests" */;
			buildPhases = (
				384F48B52C3CFADE009EE46E /* Sources */,
				384F48B62C3CFADE009EE46E /* Frameworks */,
				384F48B72C3CFADE009EE46E /* Resources */,
			);
			buildRules = (
			);
			dependencies = (
				384F48BB2C3CFADE009EE46E /* PBXTargetDependency */,
			);
			name = WeatherForecastTests;
			productName = WeatherForecastTests;
			productReference = 384F48B92C3CFADE009EE46E /* WeatherForecastTests.xctest */;
			productType = "com.apple.product-type.bundle.unit-test";
		};
		384F48C22C3CFADE009EE46E /* WeatherForecastUITests */ = {
			isa = PBXNativeTarget;
			buildConfigurationList = 384F48D32C3CFADE009EE46E /* Build configuration list for PBXNativeTarget "WeatherForecastUITests" */;
			buildPhases = (
				384F48BF2C3CFADE009EE46E /* Sources */,
				384F48C02C3CFADE009EE46E /* Frameworks */,
				384F48C12C3CFADE009EE46E /* Resources */,
			);
			buildRules = (
			);
			dependencies = (
				384F48C52C3CFADE009EE46E /* PBXTargetDependency */,
			);
			name = WeatherForecastUITests;
			productName = WeatherForecastUITests;
			productReference = 384F48C32C3CFADE009EE46E /* WeatherForecastUITests.xctest */;
			productType = "com.apple.product-type.bundle.ui-testing";
		};
/* End PBXNativeTarget section */

/* Begin PBXProject section */
		384F489B2C3CFADD009EE46E /* Project object */ = {
			isa = PBXProject;
			attributes = {
				BuildIndependentTargetsInParallel = 1;
				LastSwiftUpdateCheck = 1520;
				LastUpgradeCheck = 1520;
				TargetAttributes = {
					384F48A22C3CFADD009EE46E = {
						CreatedOnToolsVersion = 15.2;
					};
					384F48B82C3CFADE009EE46E = {
						CreatedOnToolsVersion = 15.2;
						TestTargetID = 384F48A22C3CFADD009EE46E;
					};
					384F48C22C3CFADE009EE46E = {
						CreatedOnToolsVersion = 15.2;
						TestTargetID = 384F48A22C3CFADD009EE46E;
					};
				};
			};
			buildConfigurationList = 384F489E2C3CFADD009EE46E /* Build configuration list for PBXProject "WeatherForecast" */;
			compatibilityVersion = "Xcode 14.0";
			developmentRegion = en;
			hasScannedForEncodings = 0;
			knownRegions = (
				en,
				Base,
			);
			mainGroup = 384F489A2C3CFADD009EE46E;
			packageReferences = (
				384F48D62C3CFF82009EE46E /* XCRemoteSwiftPackageReference "SnapKit" */,
				384F48DB2C3CFFDE009EE46E /* XCRemoteSwiftPackageReference "rxswift" */,
				384F48E22C3D0507009EE46E /* XCRemoteSwiftPackageReference "Alamofire" */,
			);
			productRefGroup = 384F48A42C3CFADD009EE46E /* Products */;
			projectDirPath = "";
			projectRoot = "";
			targets = (
				384F48A22C3CFADD009EE46E /* WeatherForecast */,
				384F48B82C3CFADE009EE46E /* WeatherForecastTests */,
				384F48C22C3CFADE009EE46E /* WeatherForecastUITests */,
			);
		};
/* End PBXProject section */

/* Begin PBXResourcesBuildPhase section */
		384F48A12C3CFADD009EE46E /* Resources */ = {
			isa = PBXResourcesBuildPhase;
			buildActionMask = 2147483647;
			files = (
				384F48B32C3CFADE009EE46E /* LaunchScreen.storyboard in Resources */,
				384F48B02C3CFADE009EE46E /* Assets.xcassets in Resources */,
			);
			runOnlyForDeploymentPostprocessing = 0;
		};
		384F48B72C3CFADE009EE46E /* Resources */ = {
			isa = PBXResourcesBuildPhase;
			buildActionMask = 2147483647;
			files = (
			);
			runOnlyForDeploymentPostprocessing = 0;
		};
		384F48C12C3CFADE009EE46E /* Resources */ = {
			isa = PBXResourcesBuildPhase;
			buildActionMask = 2147483647;
			files = (
			);
			runOnlyForDeploymentPostprocessing = 0;
		};
/* End PBXResourcesBuildPhase section */

/* Begin PBXSourcesBuildPhase section */
		384F489F2C3CFADD009EE46E /* Sources */ = {
			isa = PBXSourcesBuildPhase;
			buildActionMask = 2147483647;
			files = (
				384F48AB2C3CFADD009EE46E /* MainViewController.swift in Sources */,
				384096DF2C3E24B300D371A0 /* WeatherResponseDTO.swift in Sources */,
				384F48E92C3D3EDF009EE46E /* WeatherByHoursView.swift in Sources */,
				384096E52C3E2F4900D371A0 /* Weather.swift in Sources */,
				384F48F02C3D7CC6009EE46E /* OpenWeatherAPI.swift in Sources */,
				384096EB2C3E442500D371A0 /* WeatherResponse.swift in Sources */,
				384F48E72C3D0FC3009EE46E /* MainCityWeatherView.swift in Sources */,
				384096E12C3E263100D371A0 /* Coordinate.swift in Sources */,
				384096E32C3E2EA000D371A0 /* City.swift in Sources */,
				384F48EB2C3D5079009EE46E /* WeatherByHoursItemView.swift in Sources */,
				384F48A72C3CFADD009EE46E /* AppDelegate.swift in Sources */,
				384F48A92C3CFADD009EE46E /* SceneDelegate.swift in Sources */,
			);
			runOnlyForDeploymentPostprocessing = 0;
		};
		384F48B52C3CFADE009EE46E /* Sources */ = {
			isa = PBXSourcesBuildPhase;
			buildActionMask = 2147483647;
			files = (
				384F48BE2C3CFADE009EE46E /* WeatherForecastTests.swift in Sources */,
			);
			runOnlyForDeploymentPostprocessing = 0;
		};
		384F48BF2C3CFADE009EE46E /* Sources */ = {
			isa = PBXSourcesBuildPhase;
			buildActionMask = 2147483647;
			files = (
				384F48CA2C3CFADE009EE46E /* WeatherForecastUITestsLaunchTests.swift in Sources */,
				384F48C82C3CFADE009EE46E /* WeatherForecastUITests.swift in Sources */,
			);
			runOnlyForDeploymentPostprocessing = 0;
		};
/* End PBXSourcesBuildPhase section */

/* Begin PBXTargetDependency section */
		384F48BB2C3CFADE009EE46E /* PBXTargetDependency */ = {
			isa = PBXTargetDependency;
			target = 384F48A22C3CFADD009EE46E /* WeatherForecast */;
			targetProxy = 384F48BA2C3CFADE009EE46E /* PBXContainerItemProxy */;
		};
		384F48C52C3CFADE009EE46E /* PBXTargetDependency */ = {
			isa = PBXTargetDependency;
			target = 384F48A22C3CFADD009EE46E /* WeatherForecast */;
			targetProxy = 384F48C42C3CFADE009EE46E /* PBXContainerItemProxy */;
		};
/* End PBXTargetDependency section */

/* Begin PBXVariantGroup section */
		384F48B12C3CFADE009EE46E /* LaunchScreen.storyboard */ = {
			isa = PBXVariantGroup;
			children = (
				384F48B22C3CFADE009EE46E /* Base */,
			);
			name = LaunchScreen.storyboard;
			sourceTree = "<group>";
		};
/* End PBXVariantGroup section */

/* Begin XCBuildConfiguration section */
		384F48CB2C3CFADE009EE46E /* Debug */ = {
			isa = XCBuildConfiguration;
			buildSettings = {
				ALWAYS_SEARCH_USER_PATHS = NO;
				ASSETCATALOG_COMPILER_GENERATE_SWIFT_ASSET_SYMBOL_EXTENSIONS = YES;
				CLANG_ANALYZER_NONNULL = YES;
				CLANG_ANALYZER_NUMBER_OBJECT_CONVERSION = YES_AGGRESSIVE;
				CLANG_CXX_LANGUAGE_STANDARD = "gnu++20";
				CLANG_ENABLE_MODULES = YES;
				CLANG_ENABLE_OBJC_ARC = YES;
				CLANG_ENABLE_OBJC_WEAK = YES;
				CLANG_WARN_BLOCK_CAPTURE_AUTORELEASING = YES;
				CLANG_WARN_BOOL_CONVERSION = YES;
				CLANG_WARN_COMMA = YES;
				CLANG_WARN_CONSTANT_CONVERSION = YES;
				CLANG_WARN_DEPRECATED_OBJC_IMPLEMENTATIONS = YES;
				CLANG_WARN_DIRECT_OBJC_ISA_USAGE = YES_ERROR;
				CLANG_WARN_DOCUMENTATION_COMMENTS = YES;
				CLANG_WARN_EMPTY_BODY = YES;
				CLANG_WARN_ENUM_CONVERSION = YES;
				CLANG_WARN_INFINITE_RECURSION = YES;
				CLANG_WARN_INT_CONVERSION = YES;
				CLANG_WARN_NON_LITERAL_NULL_CONVERSION = YES;
				CLANG_WARN_OBJC_IMPLICIT_RETAIN_SELF = YES;
				CLANG_WARN_OBJC_LITERAL_CONVERSION = YES;
				CLANG_WARN_OBJC_ROOT_CLASS = YES_ERROR;
				CLANG_WARN_QUOTED_INCLUDE_IN_FRAMEWORK_HEADER = YES;
				CLANG_WARN_RANGE_LOOP_ANALYSIS = YES;
				CLANG_WARN_STRICT_PROTOTYPES = YES;
				CLANG_WARN_SUSPICIOUS_MOVE = YES;
				CLANG_WARN_UNGUARDED_AVAILABILITY = YES_AGGRESSIVE;
				CLANG_WARN_UNREACHABLE_CODE = YES;
				CLANG_WARN__DUPLICATE_METHOD_MATCH = YES;
				COPY_PHASE_STRIP = NO;
				DEBUG_INFORMATION_FORMAT = dwarf;
				ENABLE_STRICT_OBJC_MSGSEND = YES;
				ENABLE_TESTABILITY = YES;
				ENABLE_USER_SCRIPT_SANDBOXING = YES;
				GCC_C_LANGUAGE_STANDARD = gnu17;
				GCC_DYNAMIC_NO_PIC = NO;
				GCC_NO_COMMON_BLOCKS = YES;
				GCC_OPTIMIZATION_LEVEL = 0;
				GCC_PREPROCESSOR_DEFINITIONS = (
					"DEBUG=1",
					"$(inherited)",
				);
				GCC_WARN_64_TO_32_BIT_CONVERSION = YES;
				GCC_WARN_ABOUT_RETURN_TYPE = YES_ERROR;
				GCC_WARN_UNDECLARED_SELECTOR = YES;
				GCC_WARN_UNINITIALIZED_AUTOS = YES_AGGRESSIVE;
				GCC_WARN_UNUSED_FUNCTION = YES;
				GCC_WARN_UNUSED_VARIABLE = YES;
				IPHONEOS_DEPLOYMENT_TARGET = 15.0;
				LOCALIZATION_PREFERS_STRING_CATALOGS = YES;
				MTL_ENABLE_DEBUG_INFO = INCLUDE_SOURCE;
				MTL_FAST_MATH = YES;
				ONLY_ACTIVE_ARCH = YES;
				SDKROOT = iphoneos;
				SWIFT_ACTIVE_COMPILATION_CONDITIONS = "DEBUG $(inherited)";
				SWIFT_OPTIMIZATION_LEVEL = "-Onone";
			};
			name = Debug;
		};
		384F48CC2C3CFADE009EE46E /* Release */ = {
			isa = XCBuildConfiguration;
			buildSettings = {
				ALWAYS_SEARCH_USER_PATHS = NO;
				ASSETCATALOG_COMPILER_GENERATE_SWIFT_ASSET_SYMBOL_EXTENSIONS = YES;
				CLANG_ANALYZER_NONNULL = YES;
				CLANG_ANALYZER_NUMBER_OBJECT_CONVERSION = YES_AGGRESSIVE;
				CLANG_CXX_LANGUAGE_STANDARD = "gnu++20";
				CLANG_ENABLE_MODULES = YES;
				CLANG_ENABLE_OBJC_ARC = YES;
				CLANG_ENABLE_OBJC_WEAK = YES;
				CLANG_WARN_BLOCK_CAPTURE_AUTORELEASING = YES;
				CLANG_WARN_BOOL_CONVERSION = YES;
				CLANG_WARN_COMMA = YES;
				CLANG_WARN_CONSTANT_CONVERSION = YES;
				CLANG_WARN_DEPRECATED_OBJC_IMPLEMENTATIONS = YES;
				CLANG_WARN_DIRECT_OBJC_ISA_USAGE = YES_ERROR;
				CLANG_WARN_DOCUMENTATION_COMMENTS = YES;
				CLANG_WARN_EMPTY_BODY = YES;
				CLANG_WARN_ENUM_CONVERSION = YES;
				CLANG_WARN_INFINITE_RECURSION = YES;
				CLANG_WARN_INT_CONVERSION = YES;
				CLANG_WARN_NON_LITERAL_NULL_CONVERSION = YES;
				CLANG_WARN_OBJC_IMPLICIT_RETAIN_SELF = YES;
				CLANG_WARN_OBJC_LITERAL_CONVERSION = YES;
				CLANG_WARN_OBJC_ROOT_CLASS = YES_ERROR;
				CLANG_WARN_QUOTED_INCLUDE_IN_FRAMEWORK_HEADER = YES;
				CLANG_WARN_RANGE_LOOP_ANALYSIS = YES;
				CLANG_WARN_STRICT_PROTOTYPES = YES;
				CLANG_WARN_SUSPICIOUS_MOVE = YES;
				CLANG_WARN_UNGUARDED_AVAILABILITY = YES_AGGRESSIVE;
				CLANG_WARN_UNREACHABLE_CODE = YES;
				CLANG_WARN__DUPLICATE_METHOD_MATCH = YES;
				COPY_PHASE_STRIP = NO;
				DEBUG_INFORMATION_FORMAT = "dwarf-with-dsym";
				ENABLE_NS_ASSERTIONS = NO;
				ENABLE_STRICT_OBJC_MSGSEND = YES;
				ENABLE_USER_SCRIPT_SANDBOXING = YES;
				GCC_C_LANGUAGE_STANDARD = gnu17;
				GCC_NO_COMMON_BLOCKS = YES;
				GCC_WARN_64_TO_32_BIT_CONVERSION = YES;
				GCC_WARN_ABOUT_RETURN_TYPE = YES_ERROR;
				GCC_WARN_UNDECLARED_SELECTOR = YES;
				GCC_WARN_UNINITIALIZED_AUTOS = YES_AGGRESSIVE;
				GCC_WARN_UNUSED_FUNCTION = YES;
				GCC_WARN_UNUSED_VARIABLE = YES;
				IPHONEOS_DEPLOYMENT_TARGET = 15.0;
				LOCALIZATION_PREFERS_STRING_CATALOGS = YES;
				MTL_ENABLE_DEBUG_INFO = NO;
				MTL_FAST_MATH = YES;
				SDKROOT = iphoneos;
				SWIFT_COMPILATION_MODE = wholemodule;
				VALIDATE_PRODUCT = YES;
			};
			name = Release;
		};
		384F48CE2C3CFADE009EE46E /* Debug */ = {
			isa = XCBuildConfiguration;
			buildSettings = {
				ASSETCATALOG_COMPILER_APPICON_NAME = AppIcon;
				ASSETCATALOG_COMPILER_GLOBAL_ACCENT_COLOR_NAME = AccentColor;
				CODE_SIGN_STYLE = Automatic;
				CURRENT_PROJECT_VERSION = 1;
				DEVELOPMENT_TEAM = N2GAL8582Q;
				GENERATE_INFOPLIST_FILE = YES;
				INFOPLIST_FILE = WeatherForecast/Info.plist;
				INFOPLIST_KEY_UIApplicationSupportsIndirectInputEvents = YES;
				INFOPLIST_KEY_UILaunchStoryboardName = LaunchScreen;
				INFOPLIST_KEY_UISupportedInterfaceOrientations_iPad = "UIInterfaceOrientationPortrait UIInterfaceOrientationPortraitUpsideDown UIInterfaceOrientationLandscapeLeft UIInterfaceOrientationLandscapeRight";
				INFOPLIST_KEY_UISupportedInterfaceOrientations_iPhone = "UIInterfaceOrientationPortrait UIInterfaceOrientationLandscapeLeft UIInterfaceOrientationLandscapeRight";
				IPHONEOS_DEPLOYMENT_TARGET = 15.0;
				LD_RUNPATH_SEARCH_PATHS = (
					"$(inherited)",
					"@executable_path/Frameworks",
				);
				MARKETING_VERSION = 1.0;
				PRODUCT_BUNDLE_IDENTIFIER = cory.WeatherForecast;
				PRODUCT_NAME = "$(TARGET_NAME)";
				SWIFT_EMIT_LOC_STRINGS = YES;
				SWIFT_VERSION = 5.0;
				TARGETED_DEVICE_FAMILY = "1,2";
			};
			name = Debug;
		};
		384F48CF2C3CFADE009EE46E /* Release */ = {
			isa = XCBuildConfiguration;
			buildSettings = {
				ASSETCATALOG_COMPILER_APPICON_NAME = AppIcon;
				ASSETCATALOG_COMPILER_GLOBAL_ACCENT_COLOR_NAME = AccentColor;
				CODE_SIGN_STYLE = Automatic;
				CURRENT_PROJECT_VERSION = 1;
				DEVELOPMENT_TEAM = N2GAL8582Q;
				GENERATE_INFOPLIST_FILE = YES;
				INFOPLIST_FILE = WeatherForecast/Info.plist;
				INFOPLIST_KEY_UIApplicationSupportsIndirectInputEvents = YES;
				INFOPLIST_KEY_UILaunchStoryboardName = LaunchScreen;
				INFOPLIST_KEY_UISupportedInterfaceOrientations_iPad = "UIInterfaceOrientationPortrait UIInterfaceOrientationPortraitUpsideDown UIInterfaceOrientationLandscapeLeft UIInterfaceOrientationLandscapeRight";
				INFOPLIST_KEY_UISupportedInterfaceOrientations_iPhone = "UIInterfaceOrientationPortrait UIInterfaceOrientationLandscapeLeft UIInterfaceOrientationLandscapeRight";
				IPHONEOS_DEPLOYMENT_TARGET = 15.0;
				LD_RUNPATH_SEARCH_PATHS = (
					"$(inherited)",
					"@executable_path/Frameworks",
				);
				MARKETING_VERSION = 1.0;
				PRODUCT_BUNDLE_IDENTIFIER = cory.WeatherForecast;
				PRODUCT_NAME = "$(TARGET_NAME)";
				SWIFT_EMIT_LOC_STRINGS = YES;
				SWIFT_VERSION = 5.0;
				TARGETED_DEVICE_FAMILY = "1,2";
			};
			name = Release;
		};
		384F48D12C3CFADE009EE46E /* Debug */ = {
			isa = XCBuildConfiguration;
			buildSettings = {
				ALWAYS_EMBED_SWIFT_STANDARD_LIBRARIES = YES;
				BUNDLE_LOADER = "$(TEST_HOST)";
				CODE_SIGN_STYLE = Automatic;
				CURRENT_PROJECT_VERSION = 1;
				DEVELOPMENT_TEAM = N2GAL8582Q;
				GENERATE_INFOPLIST_FILE = YES;
				IPHONEOS_DEPLOYMENT_TARGET = 15.0;
				MARKETING_VERSION = 1.0;
				PRODUCT_BUNDLE_IDENTIFIER = cory.WeatherForecastTests;
				PRODUCT_NAME = "$(TARGET_NAME)";
				SWIFT_EMIT_LOC_STRINGS = NO;
				SWIFT_VERSION = 5.0;
				TARGETED_DEVICE_FAMILY = "1,2";
				TEST_HOST = "$(BUILT_PRODUCTS_DIR)/WeatherForecast.app/$(BUNDLE_EXECUTABLE_FOLDER_PATH)/WeatherForecast";
			};
			name = Debug;
		};
		384F48D22C3CFADE009EE46E /* Release */ = {
			isa = XCBuildConfiguration;
			buildSettings = {
				ALWAYS_EMBED_SWIFT_STANDARD_LIBRARIES = YES;
				BUNDLE_LOADER = "$(TEST_HOST)";
				CODE_SIGN_STYLE = Automatic;
				CURRENT_PROJECT_VERSION = 1;
				DEVELOPMENT_TEAM = N2GAL8582Q;
				GENERATE_INFOPLIST_FILE = YES;
				IPHONEOS_DEPLOYMENT_TARGET = 15.0;
				MARKETING_VERSION = 1.0;
				PRODUCT_BUNDLE_IDENTIFIER = cory.WeatherForecastTests;
				PRODUCT_NAME = "$(TARGET_NAME)";
				SWIFT_EMIT_LOC_STRINGS = NO;
				SWIFT_VERSION = 5.0;
				TARGETED_DEVICE_FAMILY = "1,2";
				TEST_HOST = "$(BUILT_PRODUCTS_DIR)/WeatherForecast.app/$(BUNDLE_EXECUTABLE_FOLDER_PATH)/WeatherForecast";
			};
			name = Release;
		};
		384F48D42C3CFADE009EE46E /* Debug */ = {
			isa = XCBuildConfiguration;
			buildSettings = {
				ALWAYS_EMBED_SWIFT_STANDARD_LIBRARIES = YES;
				CODE_SIGN_STYLE = Automatic;
				CURRENT_PROJECT_VERSION = 1;
				DEVELOPMENT_TEAM = N2GAL8582Q;
				GENERATE_INFOPLIST_FILE = YES;
				IPHONEOS_DEPLOYMENT_TARGET = 15.0;
				MARKETING_VERSION = 1.0;
				PRODUCT_BUNDLE_IDENTIFIER = cory.WeatherForecastUITests;
				PRODUCT_NAME = "$(TARGET_NAME)";
				SWIFT_EMIT_LOC_STRINGS = NO;
				SWIFT_VERSION = 5.0;
				TARGETED_DEVICE_FAMILY = "1,2";
				TEST_TARGET_NAME = WeatherForecast;
			};
			name = Debug;
		};
		384F48D52C3CFADE009EE46E /* Release */ = {
			isa = XCBuildConfiguration;
			buildSettings = {
				ALWAYS_EMBED_SWIFT_STANDARD_LIBRARIES = YES;
				CODE_SIGN_STYLE = Automatic;
				CURRENT_PROJECT_VERSION = 1;
				DEVELOPMENT_TEAM = N2GAL8582Q;
				GENERATE_INFOPLIST_FILE = YES;
				IPHONEOS_DEPLOYMENT_TARGET = 15.0;
				MARKETING_VERSION = 1.0;
				PRODUCT_BUNDLE_IDENTIFIER = cory.WeatherForecastUITests;
				PRODUCT_NAME = "$(TARGET_NAME)";
				SWIFT_EMIT_LOC_STRINGS = NO;
				SWIFT_VERSION = 5.0;
				TARGETED_DEVICE_FAMILY = "1,2";
				TEST_TARGET_NAME = WeatherForecast;
			};
			name = Release;
		};
/* End XCBuildConfiguration section */

/* Begin XCConfigurationList section */
		384F489E2C3CFADD009EE46E /* Build configuration list for PBXProject "WeatherForecast" */ = {
			isa = XCConfigurationList;
			buildConfigurations = (
				384F48CB2C3CFADE009EE46E /* Debug */,
				384F48CC2C3CFADE009EE46E /* Release */,
			);
			defaultConfigurationIsVisible = 0;
			defaultConfigurationName = Release;
		};
		384F48CD2C3CFADE009EE46E /* Build configuration list for PBXNativeTarget "WeatherForecast" */ = {
			isa = XCConfigurationList;
			buildConfigurations = (
				384F48CE2C3CFADE009EE46E /* Debug */,
				384F48CF2C3CFADE009EE46E /* Release */,
			);
			defaultConfigurationIsVisible = 0;
			defaultConfigurationName = Release;
		};
		384F48D02C3CFADE009EE46E /* Build configuration list for PBXNativeTarget "WeatherForecastTests" */ = {
			isa = XCConfigurationList;
			buildConfigurations = (
				384F48D12C3CFADE009EE46E /* Debug */,
				384F48D22C3CFADE009EE46E /* Release */,
			);
			defaultConfigurationIsVisible = 0;
			defaultConfigurationName = Release;
		};
		384F48D32C3CFADE009EE46E /* Build configuration list for PBXNativeTarget "WeatherForecastUITests" */ = {
			isa = XCConfigurationList;
			buildConfigurations = (
				384F48D42C3CFADE009EE46E /* Debug */,
				384F48D52C3CFADE009EE46E /* Release */,
			);
			defaultConfigurationIsVisible = 0;
			defaultConfigurationName = Release;
		};
/* End XCConfigurationList section */

/* Begin XCRemoteSwiftPackageReference section */
		384F48D62C3CFF82009EE46E /* XCRemoteSwiftPackageReference "SnapKit" */ = {
			isa = XCRemoteSwiftPackageReference;
			repositoryURL = "https://github.com/SnapKit/SnapKit";
			requirement = {
				kind = upToNextMajorVersion;
				minimumVersion = 5.7.1;
			};
		};
		384F48DB2C3CFFDE009EE46E /* XCRemoteSwiftPackageReference "rxswift" */ = {
			isa = XCRemoteSwiftPackageReference;
			repositoryURL = "https://github.com/reactivex/rxswift.git";
			requirement = {
				kind = upToNextMajorVersion;
				minimumVersion = 6.7.1;
			};
		};
		384F48E22C3D0507009EE46E /* XCRemoteSwiftPackageReference "Alamofire" */ = {
			isa = XCRemoteSwiftPackageReference;
			repositoryURL = "https://github.com/Alamofire/Alamofire";
			requirement = {
				kind = upToNextMajorVersion;
				minimumVersion = 5.9.1;
			};
		};
/* End XCRemoteSwiftPackageReference section */

/* Begin XCSwiftPackageProductDependency section */
		384F48D72C3CFF82009EE46E /* SnapKit */ = {
			isa = XCSwiftPackageProductDependency;
			package = 384F48D62C3CFF82009EE46E /* XCRemoteSwiftPackageReference "SnapKit" */;
			productName = SnapKit;
		};
		384F48D92C3CFF82009EE46E /* SnapKit-Dynamic */ = {
			isa = XCSwiftPackageProductDependency;
			package = 384F48D62C3CFF82009EE46E /* XCRemoteSwiftPackageReference "SnapKit" */;
			productName = "SnapKit-Dynamic";
		};
		384F48DC2C3CFFDE009EE46E /* RxCocoa */ = {
			isa = XCSwiftPackageProductDependency;
			package = 384F48DB2C3CFFDE009EE46E /* XCRemoteSwiftPackageReference "rxswift" */;
			productName = RxCocoa;
		};
		384F48DE2C3CFFDE009EE46E /* RxRelay */ = {
			isa = XCSwiftPackageProductDependency;
			package = 384F48DB2C3CFFDE009EE46E /* XCRemoteSwiftPackageReference "rxswift" */;
			productName = RxRelay;
		};
		384F48E02C3CFFDE009EE46E /* RxSwift */ = {
			isa = XCSwiftPackageProductDependency;
			package = 384F48DB2C3CFFDE009EE46E /* XCRemoteSwiftPackageReference "rxswift" */;
			productName = RxSwift;
		};
		384F48E32C3D0507009EE46E /* Alamofire */ = {
			isa = XCSwiftPackageProductDependency;
			package = 384F48E22C3D0507009EE46E /* XCRemoteSwiftPackageReference "Alamofire" */;
			productName = Alamofire;
		};
/* End XCSwiftPackageProductDependency section */
	};
	rootObject = 384F489B2C3CFADD009EE46E /* Project object */;
}
